
Microsoft Visual Studio Solution File, Format Version 12.00
# Visual Studio 2013
VisualStudioVersion = 12.0.21005.1
MinimumVisualStudioVersion = 10.0.40219.1
Project("{FAE04EC0-301F-11D3-BF4B-00C04F79EFBC}") = "LabAPL2", "LabAPL2\LabAPL2.csproj", "{760A511D-ACF9-46AB-AD7C-1E242520A934}"
EndProject
Project("{8BC9CEB8-8B4A-11D0-8D11-00A0C91BC942}") = "LabDM11", "LabDM1\LabDM1.vcxproj", "{B5A8D9E1-7EAD-42E0-BFF3-A88044F13F0E}"
EndProject
Project("{8BC9CEB8-8B4A-11D0-8D11-00A0C91BC942}") = "LabDM12", "LabDM02\LabDM02.vcxproj", "{8DF96F5A-8886-4986-8019-ABC5C459A798}"
EndProject
Project("{8BC9CEB8-8B4A-11D0-8D11-00A0C91BC942}") = "LabDM2", "LabDM21\LabDM21.vcxproj", "{4B9F276F-E81C-4322-8F92-6ECC0D3EC2E8}"
EndProject
Project("{2150E333-8FDC-42A3-9474-1A3956D46DE8}") = "Solution Items", "Solution Items", "{FDF27080-B20B-4E70-B40B-A6390BE716D5}"
	ProjectSection(SolutionItems) = preProject
		WebEssentials-Settings.json = WebEssentials-Settings.json
	EndProjectSection
EndProject
Project("{8BC9CEB8-8B4A-11D0-8D11-00A0C91BC942}") = "LabDM3", "LabDM3\LabDM3.vcxproj", "{F741627A-383F-4138-929F-005BF9A9C8CE}"
EndProject
Project("{FAE04EC0-301F-11D3-BF4B-00C04F79EFBC}") = "LabAPL3", "LabAPL3\LabAPL3.csproj", "{9915D1AB-413D-4496-AC55-9E691E1D2840}"
EndProject
Project("{FAE04EC0-301F-11D3-BF4B-00C04F79EFBC}") = "LabAPL4", "LabAPL4\LabAPL4.csproj", "{E8B5CD26-D828-44DB-8DAE-362D9C5DDB3D}"
EndProject
Project("{FAE04EC0-301F-11D3-BF4B-00C04F79EFBC}") = "LabAPL5", "LabAPL5\LabAPL5.csproj", "{0CEEB26E-F746-43CC-8FDA-477F4AA4EB00}"
EndProject
Project("{8BC9CEB8-8B4A-11D0-8D11-00A0C91BC942}") = "LabDM4", "LabDM4\LabDM4.vcxproj", "{1310C777-79CC-4F6E-A1FE-419ED5051CEF}"
EndProject
Project("{8BC9CEB8-8B4A-11D0-8D11-00A0C91BC942}") = "LabDM5", "LabDM5\LabDM5.vcxproj", "{4451313F-E8C7-46E9-B207-73E294B8F87B}"
EndProject
Project("{8BC9CEB8-8B4A-11D0-8D11-00A0C91BC942}") = "LabDM6", "LabDM6\LabDM6.vcxproj", "{C405D9E3-7B6D-40BC-9E87-7588129DF0F9}"
EndProject
Project("{FAE04EC0-301F-11D3-BF4B-00C04F79EFBC}") = "LabAPL7", "LabAPL7\LabAPL7.csproj", "{D68A25E7-BA82-4656-B68C-8F5797988ADD}"
EndProject
Project("{FAE04EC0-301F-11D3-BF4B-00C04F79EFBC}") = "LabAPL6", "LabAPL6\LabAPL6.csproj", "{DE8745EC-26B4-4BB6-A71D-8F7E91DEE550}"
EndProject
Project("{8BC9CEB8-8B4A-11D0-8D11-00A0C91BC942}") = "LabDM8", "LabDM8\LabDM8.vcxproj", "{02F400A2-16AD-404C-952E-0500D2C3A4FC}"
EndProject
Global
	GlobalSection(SolutionConfigurationPlatforms) = preSolution
		Debug|Any CPU = Debug|Any CPU
		Debug|Mixed Platforms = Debug|Mixed Platforms
		Debug|Win32 = Debug|Win32
		Debug|x86 = Debug|x86
		Release|Any CPU = Release|Any CPU
		Release|Mixed Platforms = Release|Mixed Platforms
		Release|Win32 = Release|Win32
		Release|x86 = Release|x86
	EndGlobalSection
	GlobalSection(ProjectConfigurationPlatforms) = postSolution
		{760A511D-ACF9-46AB-AD7C-1E242520A934}.Debug|Any CPU.ActiveCfg = Debug|x86
		{760A511D-ACF9-46AB-AD7C-1E242520A934}.Debug|Mixed Platforms.ActiveCfg = Debug|x86
		{760A511D-ACF9-46AB-AD7C-1E242520A934}.Debug|Mixed Platforms.Build.0 = Debug|x86
		{760A511D-ACF9-46AB-AD7C-1E242520A934}.Debug|Win32.ActiveCfg = Debug|x86
		{760A511D-ACF9-46AB-AD7C-1E242520A934}.Debug|Win32.Build.0 = Debug|x86
		{760A511D-ACF9-46AB-AD7C-1E242520A934}.Debug|x86.ActiveCfg = Debug|x86
		{760A511D-ACF9-46AB-AD7C-1E242520A934}.Debug|x86.Build.0 = Debug|x86
		{760A511D-ACF9-46AB-AD7C-1E242520A934}.Release|Any CPU.ActiveCfg = Release|x86
		{760A511D-ACF9-46AB-AD7C-1E242520A934}.Release|Mixed Platforms.ActiveCfg = Release|x86
		{760A511D-ACF9-46AB-AD7C-1E242520A934}.Release|Mixed Platforms.Build.0 = Release|x86
		{760A511D-ACF9-46AB-AD7C-1E242520A934}.Release|Win32.ActiveCfg = Release|x86
		{760A511D-ACF9-46AB-AD7C-1E242520A934}.Release|x86.ActiveCfg = Release|x86
		{760A511D-ACF9-46AB-AD7C-1E242520A934}.Release|x86.Build.0 = Release|x86
		{B5A8D9E1-7EAD-42E0-BFF3-A88044F13F0E}.Debug|Any CPU.ActiveCfg = Debug|Win32
		{B5A8D9E1-7EAD-42E0-BFF3-A88044F13F0E}.Debug|Mixed Platforms.ActiveCfg = Debug|Win32
		{B5A8D9E1-7EAD-42E0-BFF3-A88044F13F0E}.Debug|Mixed Platforms.Build.0 = Debug|Win32
		{B5A8D9E1-7EAD-42E0-BFF3-A88044F13F0E}.Debug|Win32.ActiveCfg = Debug|Win32
		{B5A8D9E1-7EAD-42E0-BFF3-A88044F13F0E}.Debug|Win32.Build.0 = Debug|Win32
		{B5A8D9E1-7EAD-42E0-BFF3-A88044F13F0E}.Debug|x86.ActiveCfg = Debug|Win32
		{B5A8D9E1-7EAD-42E0-BFF3-A88044F13F0E}.Debug|x86.Build.0 = Debug|Win32
		{B5A8D9E1-7EAD-42E0-BFF3-A88044F13F0E}.Release|Any CPU.ActiveCfg = Release|Win32
		{B5A8D9E1-7EAD-42E0-BFF3-A88044F13F0E}.Release|Mixed Platforms.ActiveCfg = Release|Win32
		{B5A8D9E1-7EAD-42E0-BFF3-A88044F13F0E}.Release|Mixed Platforms.Build.0 = Release|Win32
		{B5A8D9E1-7EAD-42E0-BFF3-A88044F13F0E}.Release|Win32.ActiveCfg = Release|Win32
		{B5A8D9E1-7EAD-42E0-BFF3-A88044F13F0E}.Release|Win32.Build.0 = Release|Win32
		{B5A8D9E1-7EAD-42E0-BFF3-A88044F13F0E}.Release|x86.ActiveCfg = Release|Win32
		{B5A8D9E1-7EAD-42E0-BFF3-A88044F13F0E}.Release|x86.Build.0 = Release|Win32
		{8DF96F5A-8886-4986-8019-ABC5C459A798}.Debug|Any CPU.ActiveCfg = Debug|Win32
		{8DF96F5A-8886-4986-8019-ABC5C459A798}.Debug|Mixed Platforms.ActiveCfg = Debug|Win32
		{8DF96F5A-8886-4986-8019-ABC5C459A798}.Debug|Mixed Platforms.Build.0 = Debug|Win32
		{8DF96F5A-8886-4986-8019-ABC5C459A798}.Debug|Win32.ActiveCfg = Debug|Win32
		{8DF96F5A-8886-4986-8019-ABC5C459A798}.Debug|Win32.Build.0 = Debug|Win32
		{8DF96F5A-8886-4986-8019-ABC5C459A798}.Debug|x86.ActiveCfg = Debug|Win32
		{8DF96F5A-8886-4986-8019-ABC5C459A798}.Debug|x86.Build.0 = Debug|Win32
		{8DF96F5A-8886-4986-8019-ABC5C459A798}.Release|Any CPU.ActiveCfg = Release|Win32
		{8DF96F5A-8886-4986-8019-ABC5C459A798}.Release|Mixed Platforms.ActiveCfg = Release|Win32
		{8DF96F5A-8886-4986-8019-ABC5C459A798}.Release|Mixed Platforms.Build.0 = Release|Win32
		{8DF96F5A-8886-4986-8019-ABC5C459A798}.Release|Win32.ActiveCfg = Release|Win32
		{8DF96F5A-8886-4986-8019-ABC5C459A798}.Release|Win32.Build.0 = Release|Win32
		{8DF96F5A-8886-4986-8019-ABC5C459A798}.Release|x86.ActiveCfg = Release|Win32
		{8DF96F5A-8886-4986-8019-ABC5C459A798}.Release|x86.Build.0 = Release|Win32
		{4B9F276F-E81C-4322-8F92-6ECC0D3EC2E8}.Debug|Any CPU.ActiveCfg = Debug|Win32
		{4B9F276F-E81C-4322-8F92-6ECC0D3EC2E8}.Debug|Mixed Platforms.ActiveCfg = Debug|Win32
		{4B9F276F-E81C-4322-8F92-6ECC0D3EC2E8}.Debug|Mixed Platforms.Build.0 = Debug|Win32
		{4B9F276F-E81C-4322-8F92-6ECC0D3EC2E8}.Debug|Win32.ActiveCfg = Debug|Win32
		{4B9F276F-E81C-4322-8F92-6ECC0D3EC2E8}.Debug|Win32.Build.0 = Debug|Win32
		{4B9F276F-E81C-4322-8F92-6ECC0D3EC2E8}.Debug|x86.ActiveCfg = Debug|Win32
		{4B9F276F-E81C-4322-8F92-6ECC0D3EC2E8}.Debug|x86.Build.0 = Debug|Win32
		{4B9F276F-E81C-4322-8F92-6ECC0D3EC2E8}.Release|Any CPU.ActiveCfg = Release|Win32
		{4B9F276F-E81C-4322-8F92-6ECC0D3EC2E8}.Release|Mixed Platforms.ActiveCfg = Release|Win32
		{4B9F276F-E81C-4322-8F92-6ECC0D3EC2E8}.Release|Mixed Platforms.Build.0 = Release|Win32
		{4B9F276F-E81C-4322-8F92-6ECC0D3EC2E8}.Release|Win32.ActiveCfg = Release|Win32
		{4B9F276F-E81C-4322-8F92-6ECC0D3EC2E8}.Release|Win32.Build.0 = Release|Win32
		{4B9F276F-E81C-4322-8F92-6ECC0D3EC2E8}.Release|x86.ActiveCfg = Release|Win32
		{4B9F276F-E81C-4322-8F92-6ECC0D3EC2E8}.Release|x86.Build.0 = Release|Win32
		{F741627A-383F-4138-929F-005BF9A9C8CE}.Debug|Any CPU.ActiveCfg = Debug|Win32
		{F741627A-383F-4138-929F-005BF9A9C8CE}.Debug|Mixed Platforms.ActiveCfg = Debug|Win32
		{F741627A-383F-4138-929F-005BF9A9C8CE}.Debug|Mixed Platforms.Build.0 = Debug|Win32
		{F741627A-383F-4138-929F-005BF9A9C8CE}.Debug|Win32.ActiveCfg = Debug|Win32
		{F741627A-383F-4138-929F-005BF9A9C8CE}.Debug|Win32.Build.0 = Debug|Win32
		{F741627A-383F-4138-929F-005BF9A9C8CE}.Debug|x86.ActiveCfg = Debug|Win32
		{F741627A-383F-4138-929F-005BF9A9C8CE}.Debug|x86.Build.0 = Debug|Win32
		{F741627A-383F-4138-929F-005BF9A9C8CE}.Release|Any CPU.ActiveCfg = Release|Win32
		{F741627A-383F-4138-929F-005BF9A9C8CE}.Release|Mixed Platforms.ActiveCfg = Release|Win32
		{F741627A-383F-4138-929F-005BF9A9C8CE}.Release|Mixed Platforms.Build.0 = Release|Win32
		{F741627A-383F-4138-929F-005BF9A9C8CE}.Release|Win32.ActiveCfg = Release|Win32
		{F741627A-383F-4138-929F-005BF9A9C8CE}.Release|Win32.Build.0 = Release|Win32
		{F741627A-383F-4138-929F-005BF9A9C8CE}.Release|x86.ActiveCfg = Release|Win32
		{F741627A-383F-4138-929F-005BF9A9C8CE}.Release|x86.Build.0 = Release|Win32
		{9915D1AB-413D-4496-AC55-9E691E1D2840}.Debug|Any CPU.ActiveCfg = Debug|Any CPU
		{9915D1AB-413D-4496-AC55-9E691E1D2840}.Debug|Any CPU.Build.0 = Debug|Any CPU
		{9915D1AB-413D-4496-AC55-9E691E1D2840}.Debug|Mixed Platforms.ActiveCfg = Debug|Any CPU
		{9915D1AB-413D-4496-AC55-9E691E1D2840}.Debug|Mixed Platforms.Build.0 = Debug|Any CPU
		{9915D1AB-413D-4496-AC55-9E691E1D2840}.Debug|Win32.ActiveCfg = Debug|Any CPU
		{9915D1AB-413D-4496-AC55-9E691E1D2840}.Debug|Win32.Build.0 = Debug|Any CPU
		{9915D1AB-413D-4496-AC55-9E691E1D2840}.Debug|x86.ActiveCfg = Debug|Any CPU
		{9915D1AB-413D-4496-AC55-9E691E1D2840}.Release|Any CPU.ActiveCfg = Release|Any CPU
		{9915D1AB-413D-4496-AC55-9E691E1D2840}.Release|Any CPU.Build.0 = Release|Any CPU
		{9915D1AB-413D-4496-AC55-9E691E1D2840}.Release|Mixed Platforms.ActiveCfg = Release|Any CPU
		{9915D1AB-413D-4496-AC55-9E691E1D2840}.Release|Mixed Platforms.Build.0 = Release|Any CPU
		{9915D1AB-413D-4496-AC55-9E691E1D2840}.Release|Win32.ActiveCfg = Release|Any CPU
		{9915D1AB-413D-4496-AC55-9E691E1D2840}.Release|x86.ActiveCfg = Release|Any CPU
		{E8B5CD26-D828-44DB-8DAE-362D9C5DDB3D}.Debug|Any CPU.ActiveCfg = Debug|Any CPU
		{E8B5CD26-D828-44DB-8DAE-362D9C5DDB3D}.Debug|Any CPU.Build.0 = Debug|Any CPU
		{E8B5CD26-D828-44DB-8DAE-362D9C5DDB3D}.Debug|Mixed Platforms.ActiveCfg = Debug|Any CPU
		{E8B5CD26-D828-44DB-8DAE-362D9C5DDB3D}.Debug|Mixed Platforms.Build.0 = Debug|Any CPU
		{E8B5CD26-D828-44DB-8DAE-362D9C5DDB3D}.Debug|Win32.ActiveCfg = Debug|Any CPU
		{E8B5CD26-D828-44DB-8DAE-362D9C5DDB3D}.Debug|Win32.Build.0 = Debug|Any CPU
		{E8B5CD26-D828-44DB-8DAE-362D9C5DDB3D}.Debug|x86.ActiveCfg = Debug|Any CPU
		{E8B5CD26-D828-44DB-8DAE-362D9C5DDB3D}.Release|Any CPU.ActiveCfg = Release|Any CPU
		{E8B5CD26-D828-44DB-8DAE-362D9C5DDB3D}.Release|Any CPU.Build.0 = Release|Any CPU
		{E8B5CD26-D828-44DB-8DAE-362D9C5DDB3D}.Release|Mixed Platforms.ActiveCfg = Release|Any CPU
		{E8B5CD26-D828-44DB-8DAE-362D9C5DDB3D}.Release|Mixed Platforms.Build.0 = Release|Any CPU
		{E8B5CD26-D828-44DB-8DAE-362D9C5DDB3D}.Release|Win32.ActiveCfg = Release|Any CPU
		{E8B5CD26-D828-44DB-8DAE-362D9C5DDB3D}.Release|x86.ActiveCfg = Release|Any CPU
		{0CEEB26E-F746-43CC-8FDA-477F4AA4EB00}.Debug|Any CPU.ActiveCfg = Debug|Any CPU
		{0CEEB26E-F746-43CC-8FDA-477F4AA4EB00}.Debug|Any CPU.Build.0 = Debug|Any CPU
		{0CEEB26E-F746-43CC-8FDA-477F4AA4EB00}.Debug|Mixed Platforms.ActiveCfg = Debug|Any CPU
		{0CEEB26E-F746-43CC-8FDA-477F4AA4EB00}.Debug|Mixed Platforms.Build.0 = Debug|Any CPU
		{0CEEB26E-F746-43CC-8FDA-477F4AA4EB00}.Debug|Win32.ActiveCfg = Debug|Any CPU
		{0CEEB26E-F746-43CC-8FDA-477F4AA4EB00}.Debug|Win32.Build.0 = Debug|Any CPU
		{0CEEB26E-F746-43CC-8FDA-477F4AA4EB00}.Debug|x86.ActiveCfg = Debug|Any CPU
		{0CEEB26E-F746-43CC-8FDA-477F4AA4EB00}.Release|Any CPU.ActiveCfg = Release|Any CPU
		{0CEEB26E-F746-43CC-8FDA-477F4AA4EB00}.Release|Any CPU.Build.0 = Release|Any CPU
		{0CEEB26E-F746-43CC-8FDA-477F4AA4EB00}.Release|Mixed Platforms.ActiveCfg = Release|Any CPU
		{0CEEB26E-F746-43CC-8FDA-477F4AA4EB00}.Release|Mixed Platforms.Build.0 = Release|Any CPU
		{0CEEB26E-F746-43CC-8FDA-477F4AA4EB00}.Release|Win32.ActiveCfg = Release|Any CPU
		{0CEEB26E-F746-43CC-8FDA-477F4AA4EB00}.Release|x86.ActiveCfg = Release|Any CPU
		{1310C777-79CC-4F6E-A1FE-419ED5051CEF}.Debug|Any CPU.ActiveCfg = Debug|Win32
		{1310C777-79CC-4F6E-A1FE-419ED5051CEF}.Debug|Mixed Platforms.ActiveCfg = Debug|Win32
		{1310C777-79CC-4F6E-A1FE-419ED5051CEF}.Debug|Mixed Platforms.Build.0 = Debug|Win32
		{1310C777-79CC-4F6E-A1FE-419ED5051CEF}.Debug|Win32.ActiveCfg = Debug|Win32
		{1310C777-79CC-4F6E-A1FE-419ED5051CEF}.Debug|Win32.Build.0 = Debug|Win32
		{1310C777-79CC-4F6E-A1FE-419ED5051CEF}.Debug|x86.ActiveCfg = Debug|Win32
		{1310C777-79CC-4F6E-A1FE-419ED5051CEF}.Debug|x86.Build.0 = Debug|Win32
		{1310C777-79CC-4F6E-A1FE-419ED5051CEF}.Release|Any CPU.ActiveCfg = Release|Win32
		{1310C777-79CC-4F6E-A1FE-419ED5051CEF}.Release|Mixed Platforms.ActiveCfg = Release|Win32
		{1310C777-79CC-4F6E-A1FE-419ED5051CEF}.Release|Mixed Platforms.Build.0 = Release|Win32
		{1310C777-79CC-4F6E-A1FE-419ED5051CEF}.Release|Win32.ActiveCfg = Release|Win32
		{1310C777-79CC-4F6E-A1FE-419ED5051CEF}.Release|Win32.Build.0 = Release|Win32
		{1310C777-79CC-4F6E-A1FE-419ED5051CEF}.Release|x86.ActiveCfg = Release|Win32
		{1310C777-79CC-4F6E-A1FE-419ED5051CEF}.Release|x86.Build.0 = Release|Win32
		{4451313F-E8C7-46E9-B207-73E294B8F87B}.Debug|Any CPU.ActiveCfg = Debug|Win32
		{4451313F-E8C7-46E9-B207-73E294B8F87B}.Debug|Mixed Platforms.ActiveCfg = Debug|Win32
		{4451313F-E8C7-46E9-B207-73E294B8F87B}.Debug|Mixed Platforms.Build.0 = Debug|Win32
		{4451313F-E8C7-46E9-B207-73E294B8F87B}.Debug|Win32.ActiveCfg = Debug|Win32
		{4451313F-E8C7-46E9-B207-73E294B8F87B}.Debug|Win32.Build.0 = Debug|Win32
		{4451313F-E8C7-46E9-B207-73E294B8F87B}.Debug|x86.ActiveCfg = Debug|Win32
		{4451313F-E8C7-46E9-B207-73E294B8F87B}.Debug|x86.Build.0 = Debug|Win32
		{4451313F-E8C7-46E9-B207-73E294B8F87B}.Release|Any CPU.ActiveCfg = Release|Win32
		{4451313F-E8C7-46E9-B207-73E294B8F87B}.Release|Mixed Platforms.ActiveCfg = Release|Win32
		{4451313F-E8C7-46E9-B207-73E294B8F87B}.Release|Mixed Platforms.Build.0 = Release|Win32
		{4451313F-E8C7-46E9-B207-73E294B8F87B}.Release|Win32.ActiveCfg = Release|Win32
		{4451313F-E8C7-46E9-B207-73E294B8F87B}.Release|Win32.Build.0 = Release|Win32
		{4451313F-E8C7-46E9-B207-73E294B8F87B}.Release|x86.ActiveCfg = Release|Win32
		{4451313F-E8C7-46E9-B207-73E294B8F87B}.Release|x86.Build.0 = Release|Win32
		{C405D9E3-7B6D-40BC-9E87-7588129DF0F9}.Debug|Any CPU.ActiveCfg = Debug|Win32
		{C405D9E3-7B6D-40BC-9E87-7588129DF0F9}.Debug|Mixed Platforms.ActiveCfg = Debug|Win32
		{C405D9E3-7B6D-40BC-9E87-7588129DF0F9}.Debug|Mixed Platforms.Build.0 = Debug|Win32
		{C405D9E3-7B6D-40BC-9E87-7588129DF0F9}.Debug|Win32.ActiveCfg = Debug|Win32
		{C405D9E3-7B6D-40BC-9E87-7588129DF0F9}.Debug|Win32.Build.0 = Debug|Win32
		{C405D9E3-7B6D-40BC-9E87-7588129DF0F9}.Debug|x86.ActiveCfg = Debug|Win32
		{C405D9E3-7B6D-40BC-9E87-7588129DF0F9}.Debug|x86.Build.0 = Debug|Win32
		{C405D9E3-7B6D-40BC-9E87-7588129DF0F9}.Release|Any CPU.ActiveCfg = Release|Win32
		{C405D9E3-7B6D-40BC-9E87-7588129DF0F9}.Release|Mixed Platforms.ActiveCfg = Release|Win32
		{C405D9E3-7B6D-40BC-9E87-7588129DF0F9}.Release|Mixed Platforms.Build.0 = Release|Win32
		{C405D9E3-7B6D-40BC-9E87-7588129DF0F9}.Release|Win32.ActiveCfg = Release|Win32
		{C405D9E3-7B6D-40BC-9E87-7588129DF0F9}.Release|Win32.Build.0 = Release|Win32
		{C405D9E3-7B6D-40BC-9E87-7588129DF0F9}.Release|x86.ActiveCfg = Release|Win32
		{C405D9E3-7B6D-40BC-9E87-7588129DF0F9}.Release|x86.Build.0 = Release|Win32
		{D68A25E7-BA82-4656-B68C-8F5797988ADD}.Debug|Any CPU.ActiveCfg = Debug|Any CPU
		{D68A25E7-BA82-4656-B68C-8F5797988ADD}.Debug|Any CPU.Build.0 = Debug|Any CPU
		{D68A25E7-BA82-4656-B68C-8F5797988ADD}.Debug|Mixed Platforms.ActiveCfg = Debug|Any CPU
		{D68A25E7-BA82-4656-B68C-8F5797988ADD}.Debug|Mixed Platforms.Build.0 = Debug|Any CPU
		{D68A25E7-BA82-4656-B68C-8F5797988ADD}.Debug|Win32.ActiveCfg = Debug|Any CPU
		{D68A25E7-BA82-4656-B68C-8F5797988ADD}.Debug|Win32.Build.0 = Debug|Any CPU
		{D68A25E7-BA82-4656-B68C-8F5797988ADD}.Debug|x86.ActiveCfg = Debug|Any CPU
		{D68A25E7-BA82-4656-B68C-8F5797988ADD}.Release|Any CPU.ActiveCfg = Release|Any CPU
		{D68A25E7-BA82-4656-B68C-8F5797988ADD}.Release|Any CPU.Build.0 = Release|Any CPU
		{D68A25E7-BA82-4656-B68C-8F5797988ADD}.Release|Mixed Platforms.ActiveCfg = Release|Any CPU
		{D68A25E7-BA82-4656-B68C-8F5797988ADD}.Release|Mixed Platforms.Build.0 = Release|Any CPU
		{D68A25E7-BA82-4656-B68C-8F5797988ADD}.Release|Win32.ActiveCfg = Release|Any CPU
		{D68A25E7-BA82-4656-B68C-8F5797988ADD}.Release|x86.ActiveCfg = Release|Any CPU
		{DE8745EC-26B4-4BB6-A71D-8F7E91DEE550}.Debug|Any CPU.ActiveCfg = Debug|Any CPU
		{DE8745EC-26B4-4BB6-A71D-8F7E91DEE550}.Debug|Any CPU.Build.0 = Debug|Any CPU
		{DE8745EC-26B4-4BB6-A71D-8F7E91DEE550}.Debug|Mixed Platforms.ActiveCfg = Debug|Any CPU
		{DE8745EC-26B4-4BB6-A71D-8F7E91DEE550}.Debug|Mixed Platforms.Build.0 = Debug|Any CPU
		{DE8745EC-26B4-4BB6-A71D-8F7E91DEE550}.Debug|Win32.ActiveCfg = Debug|Any CPU
		{DE8745EC-26B4-4BB6-A71D-8F7E91DEE550}.Debug|Win32.Build.0 = Debug|Any CPU
		{DE8745EC-26B4-4BB6-A71D-8F7E91DEE550}.Debug|x86.ActiveCfg = Debug|Any CPU
		{DE8745EC-26B4-4BB6-A71D-8F7E91DEE550}.Release|Any CPU.ActiveCfg = Release|Any CPU
		{DE8745EC-26B4-4BB6-A71D-8F7E91DEE550}.Release|Any CPU.Build.0 = Release|Any CPU
		{DE8745EC-26B4-4BB6-A71D-8F7E91DEE550}.Release|Mixed Platforms.ActiveCfg = Release|Any CPU
		{DE8745EC-26B4-4BB6-A71D-8F7E91DEE550}.Release|Mixed Platforms.Build.0 = Release|Any CPU
		{DE8745EC-26B4-4BB6-A71D-8F7E91DEE550}.Release|Win32.ActiveCfg = Release|Any CPU
		{DE8745EC-26B4-4BB6-A71D-8F7E91DEE550}.Release|x86.ActiveCfg = Release|Any CPU
		{02F400A2-16AD-404C-952E-0500D2C3A4FC}.Debug|Any CPU.ActiveCfg = Debug|Win32
		{02F400A2-16AD-404C-952E-0500D2C3A4FC}.Debug|Mixed Platforms.ActiveCfg = Debug|Win32
		{02F400A2-16AD-404C-952E-0500D2C3A4FC}.Debug|Mixed Platforms.Build.0 = Debug|Win32
		{02F400A2-16AD-404C-952E-0500D2C3A4FC}.Debug|Win32.ActiveCfg = Debug|Win32
		{02F400A2-16AD-404C-952E-0500D2C3A4FC}.Debug|Win32.Build.0 = Debug|Win32
		{02F400A2-16AD-404C-952E-0500D2C3A4FC}.Debug|x86.ActiveCfg = Debug|Win32
		{02F400A2-16AD-404C-952E-0500D2C3A4FC}.Debug|x86.Build.0 = Debug|Win32
		{02F400A2-16AD-404C-952E-0500D2C3A4FC}.Release|Any CPU.ActiveCfg = Release|Win32
		{02F400A2-16AD-404C-952E-0500D2C3A4FC}.Release|Mixed Platforms.ActiveCfg = Release|Win32
		{02F400A2-16AD-404C-952E-0500D2C3A4FC}.Release|Mixed Platforms.Build.0 = Release|Win32
		{02F400A2-16AD-404C-952E-0500D2C3A4FC}.Release|Win32.ActiveCfg = Release|Win32
		{02F400A2-16AD-404C-952E-0500D2C3A4FC}.Release|Win32.Build.0 = Release|Win32
		{02F400A2-16AD-404C-952E-0500D2C3A4FC}.Release|x86.ActiveCfg = Release|Win32
		{02F400A2-16AD-404C-952E-0500D2C3A4FC}.Release|x86.Build.0 = Release|Win32
	EndGlobalSection
	GlobalSection(SolutionProperties) = preSolution
		HideSolutionNode = FALSE
	EndGlobalSection
EndGlobal
